
Microsoft Visual Studio Solution File, Format Version 12.00
Project("{FAE04EC0-301F-11D3-BF4B-00C04F79EFBC}") = "PC212206.U202318609.Capbase.Platform", "PC212206.U202318609.Capbase.Platform\PC212206.U202318609.Capbase.Platform.csproj", "{F8DA47BD-5DE8-4F2D-8250-D58D2C06A4DF}"
EndProject
Global
	GlobalSection(SolutionConfigurationPlatforms) = preSolution
		Debug|Any CPU = Debug|Any CPU
		Release|Any CPU = Release|Any CPU
	EndGlobalSection
	GlobalSection(ProjectConfigurationPlatforms) = postSolution
		{F8DA47BD-5DE8-4F2D-8250-D58D2C06A4DF}.Debug|Any CPU.ActiveCfg = Debug|Any CPU
		{F8DA47BD-5DE8-4F2D-8250-D58D2C06A4DF}.Debug|Any CPU.Build.0 = Debug|Any CPU
		{F8DA47BD-5DE8-4F2D-8250-D58D2C06A4DF}.Release|Any CPU.ActiveCfg = Release|Any CPU
		{F8DA47BD-5DE8-4F2D-8250-D58D2C06A4DF}.Release|Any CPU.Build.0 = Release|Any CPU
	EndGlobalSection
EndGlobal
